
Microsoft Visual Studio Solution File, Format Version 12.00
# Visual Studio Version 17
VisualStudioVersion = 17.8.34408.163
MinimumVisualStudioVersion = 10.0.40219.1
Project("{9A19103F-16F7-4668-BE54-9A1E7A4F7556}") = "TaskerManager", "TaskerManager.csproj", "{BCE3F8BA-D4EF-4549-9188-B131C4AA8497}"
EndProject
Global
	GlobalSection(SolutionConfigurationPlatforms) = preSolution
		Debug|Any CPU = Debug|Any CPU
		Release|Any CPU = Release|Any CPU
	EndGlobalSection
	GlobalSection(ProjectConfigurationPlatforms) = postSolution
		{BCE3F8BA-D4EF-4549-9188-B131C4AA8497}.Debug|Any CPU.ActiveCfg = Debug|Any CPU
		{BCE3F8BA-D4EF-4549-9188-B131C4AA8497}.Debug|Any CPU.Build.0 = Debug|Any CPU
		{BCE3F8BA-D4EF-4549-9188-B131C4AA8497}.Release|Any CPU.ActiveCfg = Release|Any CPU
		{BCE3F8BA-D4EF-4549-9188-B131C4AA8497}.Release|Any CPU.Build.0 = Release|Any CPU
	EndGlobalSection
	GlobalSection(SolutionProperties) = preSolution
		HideSolutionNode = FALSE
	EndGlobalSection
	GlobalSection(ExtensibilityGlobals) = postSolution
		SolutionGuid = {D0AA2F14-9D00-493C-93F9-833BDFF82B73}
	EndGlobalSection
EndGlobal
